
Microsoft Visual Studio Solution File, Format Version 9.00
# Visual Studio 2005
Project("{8BC9CEB8-8B4A-11D0-8D11-00A0C91BC942}") = "ISO Master VS2005", "ISO Master VS2005.vcproj", "{789BE215-4035-421B-843D-879EF4057DA0}"
	ProjectSection(WebsiteProperties) = preProject
		Debug.AspNetCompiler.Debug = "True"
		Release.AspNetCompiler.Debug = "False"
	EndProjectSection
EndProject
Global
	GlobalSection(SolutionConfigurationPlatforms) = preSolution
		Debug|Win32 = Debug|Win32
		Release|Win32 = Release|Win32
	EndGlobalSection
	GlobalSection(ProjectConfigurationPlatforms) = postSolution
		{789BE215-4035-421B-843D-879EF4057DA0}.Debug|Win32.ActiveCfg = Debug|Win32
		{789BE215-4035-421B-843D-879EF4057DA0}.Debug|Win32.Build.0 = Debug|Win32
		{789BE215-4035-421B-843D-879EF4057DA0}.Release|Win32.ActiveCfg = Release|Win32
		{789BE215-4035-421B-843D-879EF4057DA0}.Release|Win32.Build.0 = Release|Win32
	EndGlobalSection
	GlobalSection(SolutionProperties) = preSolution
		HideSolutionNode = FALSE
	EndGlobalSection
EndGlobal
